// !$*UTF8*$!
{
	archiveVersion = 1;
	classes = {
	};
	objectVersion = 56;
	objects = {

/* Begin PBXBuildFile section */
		A5E0E3492A300CCA000FD099 /* main.cpp in Sources */ = {isa = PBXBuildFile; fileRef = A5E0E3482A300CCA000FD099 /* main.cpp */; };
		A5E0E6DF2A3249FE000FD099 /* OpenGL.framework in Frameworks */ = {isa = PBXBuildFile; fileRef = A5E0E6DE2A3249FE000FD099 /* OpenGL.framework */; };
		A5E0E6E12A324BF0000FD099 /* libglfw.3.3.dylib in Frameworks */ = {isa = PBXBuildFile; fileRef = A5E0E6E02A324BF0000FD099 /* libglfw.3.3.dylib */; };
		A5E0E6E32A325109000FD099 /* glad.c in Sources */ = {isa = PBXBuildFile; fileRef = A5E0E6E22A325109000FD099 /* glad.c */; };
		A5E0E7672A37C48A000FD099 /* shader.h in Sources */ = {isa = PBXBuildFile; fileRef = A5E0E7602A37A8AB000FD099 /* shader.h */; };
		A5E0E76C2A37C7BF000FD099 /* 3.3.shader.vs in Resources */ = {isa = PBXBuildFile; fileRef = A5E0E7622A37AD4E000FD099 /* 3.3.shader.vs */; };
		A5E0E76D2A37C7C2000FD099 /* 3.3.shader.fs in Resources */ = {isa = PBXBuildFile; fileRef = A5E0E7632A37ADB2000FD099 /* 3.3.shader.fs */; };
/* End PBXBuildFile section */

/* Begin PBXCopyFilesBuildPhase section */
		A5E0E3432A300CCA000FD099 /* CopyFiles */ = {
			isa = PBXCopyFilesBuildPhase;
			buildActionMask = 2147483647;
			dstPath = /usr/share/man/man1/;
			dstSubfolderSpec = 0;
			files = (
			);
			runOnlyForDeploymentPostprocessing = 1;
		};
/* End PBXCopyFilesBuildPhase section */

/* Begin PBXFileReference section */
		A5E0E3452A300CCA000FD099 /* Learn-OpenGL */ = {isa = PBXFileReference; explicitFileType = "compiled.mach-o.executable"; includeInIndex = 0; path = "Learn-OpenGL"; sourceTree = BUILT_PRODUCTS_DIR; };
		A5E0E3482A300CCA000FD099 /* main.cpp */ = {isa = PBXFileReference; lastKnownFileType = sourcecode.cpp.cpp; path = main.cpp; sourceTree = "<group>"; };
		A5E0E6DE2A3249FE000FD099 /* OpenGL.framework */ = {isa = PBXFileReference; lastKnownFileType = wrapper.framework; name = OpenGL.framework; path = System/Library/Frameworks/OpenGL.framework; sourceTree = SDKROOT; };
		A5E0E6E02A324BF0000FD099 /* libglfw.3.3.dylib */ = {isa = PBXFileReference; lastKnownFileType = "compiled.mach-o.dylib"; name = libglfw.3.3.dylib; path = ../../../../../usr/local/Cellar/glfw/3.3.8/lib/libglfw.3.3.dylib; sourceTree = "<group>"; };
		A5E0E6E22A325109000FD099 /* glad.c */ = {isa = PBXFileReference; fileEncoding = 4; lastKnownFileType = sourcecode.c.c; name = glad.c; path = ../../../../dev/native_dependencies/glad/src/glad.c; sourceTree = "<group>"; };
		A5E0E7602A37A8AB000FD099 /* shader.h */ = {isa = PBXFileReference; lastKnownFileType = sourcecode.c.h; path = shader.h; sourceTree = "<group>"; };
		A5E0E7622A37AD4E000FD099 /* 3.3.shader.vs */ = {isa = PBXFileReference; lastKnownFileType = sourcecode.glsl; path = 3.3.shader.vs; sourceTree = "<group>"; };
		A5E0E7632A37ADB2000FD099 /* 3.3.shader.fs */ = {isa = PBXFileReference; lastKnownFileType = sourcecode.glsl; path = 3.3.shader.fs; sourceTree = "<group>"; };
/* End PBXFileReference section */

/* Begin PBXFrameworksBuildPhase section */
		A5E0E3422A300CCA000FD099 /* Frameworks */ = {
			isa = PBXFrameworksBuildPhase;
			buildActionMask = 2147483647;
			files = (
				A5E0E6E12A324BF0000FD099 /* libglfw.3.3.dylib in Frameworks */,
				A5E0E6DF2A3249FE000FD099 /* OpenGL.framework in Frameworks */,
			);
			runOnlyForDeploymentPostprocessing = 0;
		};
/* End PBXFrameworksBuildPhase section */

/* Begin PBXGroup section */
		A5E0E33C2A300CCA000FD099 = {
			isa = PBXGroup;
			children = (
				A5E0E3472A300CCA000FD099 /* Learn-OpenGL */,
				A5E0E3462A300CCA000FD099 /* Products */,
				A5E0E6DD2A3249FE000FD099 /* Frameworks */,
			);
			sourceTree = "<group>";
		};
		A5E0E3462A300CCA000FD099 /* Products */ = {
			isa = PBXGroup;
			children = (
				A5E0E3452A300CCA000FD099 /* Learn-OpenGL */,
			);
			name = Products;
			sourceTree = "<group>";
		};
		A5E0E3472A300CCA000FD099 /* Learn-OpenGL */ = {
			isa = PBXGroup;
			children = (
				A5E0E7622A37AD4E000FD099 /* 3.3.shader.vs */,
				A5E0E7632A37ADB2000FD099 /* 3.3.shader.fs */,
				A5E0E7612A37AD2F000FD099 /* shaders */,
				A5E0E6E22A325109000FD099 /* glad.c */,
				A5E0E3482A300CCA000FD099 /* main.cpp */,
				A5E0E7602A37A8AB000FD099 /* shader.h */,
			);
			path = "Learn-OpenGL";
			sourceTree = "<group>";
		};
		A5E0E6DD2A3249FE000FD099 /* Frameworks */ = {
			isa = PBXGroup;
			children = (
				A5E0E6E02A324BF0000FD099 /* libglfw.3.3.dylib */,
				A5E0E6DE2A3249FE000FD099 /* OpenGL.framework */,
			);
			name = Frameworks;
			sourceTree = "<group>";
		};
		A5E0E7612A37AD2F000FD099 /* shaders */ = {
			isa = PBXGroup;
			children = (
			);
			path = shaders;
			sourceTree = "<group>";
		};
/* End PBXGroup section */

/* Begin PBXNativeTarget section */
		A5E0E3442A300CCA000FD099 /* Learn-OpenGL */ = {
			isa = PBXNativeTarget;
			buildConfigurationList = A5E0E34C2A300CCA000FD099 /* Build configuration list for PBXNativeTarget "Learn-OpenGL" */;
			buildPhases = (
				A5E0E3412A300CCA000FD099 /* Sources */,
				A5E0E76B2A37C7B4000FD099 /* Resources */,
				A5E0E3422A300CCA000FD099 /* Frameworks */,
				A5E0E3432A300CCA000FD099 /* CopyFiles */,
			);
			buildRules = (
			);
			dependencies = (
			);
			name = "Learn-OpenGL";
			productName = "Learn-OpenGL";
			productReference = A5E0E3452A300CCA000FD099 /* Learn-OpenGL */;
			productType = "com.apple.product-type.tool";
		};
/* End PBXNativeTarget section */

/* Begin PBXProject section */
		A5E0E33D2A300CCA000FD099 /* Project object */ = {
			isa = PBXProject;
			attributes = {
				BuildIndependentTargetsInParallel = 1;
				LastUpgradeCheck = 1420;
				TargetAttributes = {
					A5E0E3442A300CCA000FD099 = {
						CreatedOnToolsVersion = 14.2;
					};
				};
			};
			buildConfigurationList = A5E0E3402A300CCA000FD099 /* Build configuration list for PBXProject "Learn-OpenGL" */;
			compatibilityVersion = "Xcode 14.0";
			developmentRegion = en;
			hasScannedForEncodings = 0;
			knownRegions = (
				en,
				Base,
			);
			mainGroup = A5E0E33C2A300CCA000FD099;
			productRefGroup = A5E0E3462A300CCA000FD099 /* Products */;
			projectDirPath = "";
			projectRoot = "";
			targets = (
				A5E0E3442A300CCA000FD099 /* Learn-OpenGL */,
			);
		};
/* End PBXProject section */

/* Begin PBXResourcesBuildPhase section */
		A5E0E76B2A37C7B4000FD099 /* Resources */ = {
			isa = PBXResourcesBuildPhase;
			buildActionMask = 2147483647;
			files = (
				A5E0E76C2A37C7BF000FD099 /* 3.3.shader.vs in Resources */,
				A5E0E76D2A37C7C2000FD099 /* 3.3.shader.fs in Resources */,
			);
			runOnlyForDeploymentPostprocessing = 0;
		};
/* End PBXResourcesBuildPhase section */

/* Begin PBXSourcesBuildPhase section */
		A5E0E3412A300CCA000FD099 /* Sources */ = {
			isa = PBXSourcesBuildPhase;
			buildActionMask = 2147483647;
			files = (
				A5E0E3492A300CCA000FD099 /* main.cpp in Sources */,
				A5E0E6E32A325109000FD099 /* glad.c in Sources */,
				A5E0E7672A37C48A000FD099 /* shader.h in Sources */,
			);
			runOnlyForDeploymentPostprocessing = 0;
		};
/* End PBXSourcesBuildPhase section */

/* Begin XCBuildConfiguration section */
		A5E0E34A2A300CCA000FD099 /* Debug */ = {
			isa = XCBuildConfiguration;
			buildSettings = {
				ALWAYS_SEARCH_USER_PATHS = NO;
				CLANG_ANALYZER_NONNULL = YES;
				CLANG_ANALYZER_NUMBER_OBJECT_CONVERSION = YES_AGGRESSIVE;
				CLANG_CXX_LANGUAGE_STANDARD = "gnu++20";
				CLANG_ENABLE_MODULES = YES;
				CLANG_ENABLE_OBJC_ARC = YES;
				CLANG_ENABLE_OBJC_WEAK = YES;
				CLANG_WARN_BLOCK_CAPTURE_AUTORELEASING = YES;
				CLANG_WARN_BOOL_CONVERSION = YES;
				CLANG_WARN_COMMA = YES;
				CLANG_WARN_CONSTANT_CONVERSION = YES;
				CLANG_WARN_DEPRECATED_OBJC_IMPLEMENTATIONS = YES;
				CLANG_WARN_DIRECT_OBJC_ISA_USAGE = YES_ERROR;
				CLANG_WARN_DOCUMENTATION_COMMENTS = YES;
				CLANG_WARN_EMPTY_BODY = YES;
				CLANG_WARN_ENUM_CONVERSION = YES;
				CLANG_WARN_INFINITE_RECURSION = YES;
				CLANG_WARN_INT_CONVERSION = YES;
				CLANG_WARN_NON_LITERAL_NULL_CONVERSION = YES;
				CLANG_WARN_OBJC_IMPLICIT_RETAIN_SELF = YES;
				CLANG_WARN_OBJC_LITERAL_CONVERSION = YES;
				CLANG_WARN_OBJC_ROOT_CLASS = YES_ERROR;
				CLANG_WARN_QUOTED_INCLUDE_IN_FRAMEWORK_HEADER = YES;
				CLANG_WARN_RANGE_LOOP_ANALYSIS = YES;
				CLANG_WARN_STRICT_PROTOTYPES = YES;
				CLANG_WARN_SUSPICIOUS_MOVE = YES;
				CLANG_WARN_UNGUARDED_AVAILABILITY = YES_AGGRESSIVE;
				CLANG_WARN_UNREACHABLE_CODE = YES;
				CLANG_WARN__DUPLICATE_METHOD_MATCH = YES;
				COPY_PHASE_STRIP = NO;
				DEBUG_INFORMATION_FORMAT = dwarf;
				ENABLE_STRICT_OBJC_MSGSEND = YES;
				ENABLE_TESTABILITY = YES;
				GCC_C_LANGUAGE_STANDARD = gnu11;
				GCC_DYNAMIC_NO_PIC = NO;
				GCC_NO_COMMON_BLOCKS = YES;
				GCC_OPTIMIZATION_LEVEL = 0;
				GCC_PREPROCESSOR_DEFINITIONS = (
					"DEBUG=1",
					"$(inherited)",
				);
				GCC_WARN_64_TO_32_BIT_CONVERSION = YES;
				GCC_WARN_ABOUT_RETURN_TYPE = YES_ERROR;
				GCC_WARN_UNDECLARED_SELECTOR = YES;
				GCC_WARN_UNINITIALIZED_AUTOS = YES_AGGRESSIVE;
				GCC_WARN_UNUSED_FUNCTION = YES;
				GCC_WARN_UNUSED_VARIABLE = YES;
				MACOSX_DEPLOYMENT_TARGET = 12.5;
				MTL_ENABLE_DEBUG_INFO = INCLUDE_SOURCE;
				MTL_FAST_MATH = YES;
				ONLY_ACTIVE_ARCH = YES;
				SDKROOT = macosx;
			};
			name = Debug;
		};
		A5E0E34B2A300CCA000FD099 /* Release */ = {
			isa = XCBuildConfiguration;
			buildSettings = {
				ALWAYS_SEARCH_USER_PATHS = NO;
				CLANG_ANALYZER_NONNULL = YES;
				CLANG_ANALYZER_NUMBER_OBJECT_CONVERSION = YES_AGGRESSIVE;
				CLANG_CXX_LANGUAGE_STANDARD = "gnu++20";
				CLANG_ENABLE_MODULES = YES;
				CLANG_ENABLE_OBJC_ARC = YES;
				CLANG_ENABLE_OBJC_WEAK = YES;
				CLANG_WARN_BLOCK_CAPTURE_AUTORELEASING = YES;
				CLANG_WARN_BOOL_CONVERSION = YES;
				CLANG_WARN_COMMA = YES;
				CLANG_WARN_CONSTANT_CONVERSION = YES;
				CLANG_WARN_DEPRECATED_OBJC_IMPLEMENTATIONS = YES;
				CLANG_WARN_DIRECT_OBJC_ISA_USAGE = YES_ERROR;
				CLANG_WARN_DOCUMENTATION_COMMENTS = YES;
				CLANG_WARN_EMPTY_BODY = YES;
				CLANG_WARN_ENUM_CONVERSION = YES;
				CLANG_WARN_INFINITE_RECURSION = YES;
				CLANG_WARN_INT_CONVERSION = YES;
				CLANG_WARN_NON_LITERAL_NULL_CONVERSION = YES;
				CLANG_WARN_OBJC_IMPLICIT_RETAIN_SELF = YES;
				CLANG_WARN_OBJC_LITERAL_CONVERSION = YES;
				CLANG_WARN_OBJC_ROOT_CLASS = YES_ERROR;
				CLANG_WARN_QUOTED_INCLUDE_IN_FRAMEWORK_HEADER = YES;
				CLANG_WARN_RANGE_LOOP_ANALYSIS = YES;
				CLANG_WARN_STRICT_PROTOTYPES = YES;
				CLANG_WARN_SUSPICIOUS_MOVE = YES;
				CLANG_WARN_UNGUARDED_AVAILABILITY = YES_AGGRESSIVE;
				CLANG_WARN_UNREACHABLE_CODE = YES;
				CLANG_WARN__DUPLICATE_METHOD_MATCH = YES;
				COPY_PHASE_STRIP = NO;
				DEBUG_INFORMATION_FORMAT = "dwarf-with-dsym";
				ENABLE_NS_ASSERTIONS = NO;
				ENABLE_STRICT_OBJC_MSGSEND = YES;
				GCC_C_LANGUAGE_STANDARD = gnu11;
				GCC_NO_COMMON_BLOCKS = YES;
				GCC_WARN_64_TO_32_BIT_CONVERSION = YES;
				GCC_WARN_ABOUT_RETURN_TYPE = YES_ERROR;
				GCC_WARN_UNDECLARED_SELECTOR = YES;
				GCC_WARN_UNINITIALIZED_AUTOS = YES_AGGRESSIVE;
				GCC_WARN_UNUSED_FUNCTION = YES;
				GCC_WARN_UNUSED_VARIABLE = YES;
				MACOSX_DEPLOYMENT_TARGET = 12.5;
				MTL_ENABLE_DEBUG_INFO = NO;
				MTL_FAST_MATH = YES;
				SDKROOT = macosx;
			};
			name = Release;
		};
		A5E0E34D2A300CCA000FD099 /* Debug */ = {
			isa = XCBuildConfiguration;
			buildSettings = {
				CODE_SIGN_STYLE = Automatic;
				HEADER_SEARCH_PATHS = (
					/usr/local/include,
					/Users/craigolson/dev/native_dependencies/glad/include,
				);
				LIBRARY_SEARCH_PATHS = (
					"$(inherited)",
					/usr/local/Cellar/glfw/3.3.8/lib,
				);
				PRODUCT_NAME = "$(TARGET_NAME)";
			};
			name = Debug;
		};
		A5E0E34E2A300CCA000FD099 /* Release */ = {
			isa = XCBuildConfiguration;
			buildSettings = {
				CODE_SIGN_STYLE = Automatic;
				HEADER_SEARCH_PATHS = (
					/usr/local/include,
					/Users/craigolson/dev/native_dependencies/glad/include,
				);
				LIBRARY_SEARCH_PATHS = (
					"$(inherited)",
					/usr/local/Cellar/glfw/3.3.8/lib,
				);
				PRODUCT_NAME = "$(TARGET_NAME)";
			};
			name = Release;
		};
/* End XCBuildConfiguration section */

/* Begin XCConfigurationList section */
		A5E0E3402A300CCA000FD099 /* Build configuration list for PBXProject "Learn-OpenGL" */ = {
			isa = XCConfigurationList;
			buildConfigurations = (
				A5E0E34A2A300CCA000FD099 /* Debug */,
				A5E0E34B2A300CCA000FD099 /* Release */,
			);
			defaultConfigurationIsVisible = 0;
			defaultConfigurationName = Release;
		};
		A5E0E34C2A300CCA000FD099 /* Build configuration list for PBXNativeTarget "Learn-OpenGL" */ = {
			isa = XCConfigurationList;
			buildConfigurations = (
				A5E0E34D2A300CCA000FD099 /* Debug */,
				A5E0E34E2A300CCA000FD099 /* Release */,
			);
			defaultConfigurationIsVisible = 0;
			defaultConfigurationName = Release;
		};
/* End XCConfigurationList section */
	};
	rootObject = A5E0E33D2A300CCA000FD099 /* Project object */;
}
